{
  "name": "dev-checkup",
  "version": "0.1.0",
  "lockfileVersion": 3,
  "requires": true,
  "packages": {
    "": {
      "name": "dev-checkup",
      "version": "0.1.0",
      "license": "MIT",
      "bin": {
        "dev-checkup": "bin/dev-checkup.js"
      },
      "engines": {
        "node": ">=20"
      }
    }
  }
}
